// !$*UTF8*$!
{
	archiveVersion = 1;
	classes = {
	};
	objectVersion = 46;
	objects = {

/* Begin PBXBuildFile section */
		CBE5D3FA1C8BB81B00CD3289 /* AppDelegate.swift in Sources */ = {isa = PBXBuildFile; fileRef = CBE5D3F91C8BB81B00CD3289 /* AppDelegate.swift */; };
		CBE5D3FC1C8BB81B00CD3289 /* ViewController.swift in Sources */ = {isa = PBXBuildFile; fileRef = CBE5D3FB1C8BB81B00CD3289 /* ViewController.swift */; };
		CBE5D3FF1C8BB81B00CD3289 /* Main.storyboard in Resources */ = {isa = PBXBuildFile; fileRef = CBE5D3FD1C8BB81B00CD3289 /* Main.storyboard */; };
		CBE5D4011C8BB81B00CD3289 /* Assets.xcassets in Resources */ = {isa = PBXBuildFile; fileRef = CBE5D4001C8BB81B00CD3289 /* Assets.xcassets */; };
		CBE5D4041C8BB81B00CD3289 /* LaunchScreen.storyboard in Resources */ = {isa = PBXBuildFile; fileRef = CBE5D4021C8BB81B00CD3289 /* LaunchScreen.storyboard */; };
		CBE5D40F1C8BB81B00CD3289 /* collectionViewTests.swift in Sources */ = {isa = PBXBuildFile; fileRef = CBE5D40E1C8BB81B00CD3289 /* collectionViewTests.swift */; };
		CBE5D41A1C8BB81B00CD3289 /* collectionViewUITests.swift in Sources */ = {isa = PBXBuildFile; fileRef = CBE5D4191C8BB81B00CD3289 /* collectionViewUITests.swift */; };
/* End PBXBuildFile section */

/* Begin PBXContainerItemProxy section */
		CBE5D40B1C8BB81B00CD3289 /* PBXContainerItemProxy */ = {
			isa = PBXContainerItemProxy;
			containerPortal = CBE5D3EE1C8BB81B00CD3289 /* Project object */;
			proxyType = 1;
			remoteGlobalIDString = CBE5D3F51C8BB81B00CD3289;
			remoteInfo = collectionView;
		};
		CBE5D4161C8BB81B00CD3289 /* PBXContainerItemProxy */ = {
			isa = PBXContainerItemProxy;
			containerPortal = CBE5D3EE1C8BB81B00CD3289 /* Project object */;
			proxyType = 1;
			remoteGlobalIDString = CBE5D3F51C8BB81B00CD3289;
			remoteInfo = collectionView;
		};
/* End PBXContainerItemProxy section */

/* Begin PBXFileReference section */
		CBE5D3F61C8BB81B00CD3289 /* collectionView.app */ = {isa = PBXFileReference; explicitFileType = wrapper.application; includeInIndex = 0; path = collectionView.app; sourceTree = BUILT_PRODUCTS_DIR; };
		CBE5D3F91C8BB81B00CD3289 /* AppDelegate.swift */ = {isa = PBXFileReference; lastKnownFileType = sourcecode.swift; path = AppDelegate.swift; sourceTree = "<group>"; };
		CBE5D3FB1C8BB81B00CD3289 /* ViewController.swift */ = {isa = PBXFileReference; lastKnownFileType = sourcecode.swift; path = ViewController.swift; sourceTree = "<group>"; };
		CBE5D3FE1C8BB81B00CD3289 /* Base */ = {isa = PBXFileReference; lastKnownFileType = file.storyboard; name = Base; path = Base.lproj/Main.storyboard; sourceTree = "<group>"; };
		CBE5D4001C8BB81B00CD3289 /* Assets.xcassets */ = {isa = PBXFileReference; lastKnownFileType = folder.assetcatalog; path = Assets.xcassets; sourceTree = "<group>"; };
		CBE5D4031C8BB81B00CD3289 /* Base */ = {isa = PBXFileReference; lastKnownFileType = file.storyboard; name = Base; path = Base.lproj/LaunchScreen.storyboard; sourceTree = "<group>"; };
		CBE5D4051C8BB81B00CD3289 /* Info.plist */ = {isa = PBXFileReference; lastKnownFileType = text.plist.xml; path = Info.plist; sourceTree = "<group>"; };
		CBE5D40A1C8BB81B00CD3289 /* collectionViewTests.xctest */ = {isa = PBXFileReference; explicitFileType = wrapper.cfbundle; includeInIndex = 0; path = collectionViewTests.xctest; sourceTree = BUILT_PRODUCTS_DIR; };
		CBE5D40E1C8BB81B00CD3289 /* collectionViewTests.swift */ = {isa = PBXFileReference; lastKnownFileType = sourcecode.swift; path = collectionViewTests.swift; sourceTree = "<group>"; };
		CBE5D4101C8BB81B00CD3289 /* Info.plist */ = {isa = PBXFileReference; lastKnownFileType = text.plist.xml; path = Info.plist; sourceTree = "<group>"; };
		CBE5D4151C8BB81B00CD3289 /* collectionViewUITests.xctest */ = {isa = PBXFileReference; explicitFileType = wrapper.cfbundle; includeInIndex = 0; path = collectionViewUITests.xctest; sourceTree = BUILT_PRODUCTS_DIR; };
		CBE5D4191C8BB81B00CD3289 /* collectionViewUITests.swift */ = {isa = PBXFileReference; lastKnownFileType = sourcecode.swift; path = collectionViewUITests.swift; sourceTree = "<group>"; };
		CBE5D41B1C8BB81B00CD3289 /* Info.plist */ = {isa = PBXFileReference; lastKnownFileType = text.plist.xml; path = Info.plist; sourceTree = "<group>"; };
/* End PBXFileReference section */

/* Begin PBXFrameworksBuildPhase section */
		CBE5D3F31C8BB81B00CD3289 /* Frameworks */ = {
			isa = PBXFrameworksBuildPhase;
			buildActionMask = 2147483647;
			files = (
			);
			runOnlyForDeploymentPostprocessing = 0;
		};
		CBE5D4071C8BB81B00CD3289 /* Frameworks */ = {
			isa = PBXFrameworksBuildPhase;
			buildActionMask = 2147483647;
			files = (
			);
			runOnlyForDeploymentPostprocessing = 0;
		};
		CBE5D4121C8BB81B00CD3289 /* Frameworks */ = {
			isa = PBXFrameworksBuildPhase;
			buildActionMask = 2147483647;
			files = (
			);
			runOnlyForDeploymentPostprocessing = 0;
		};
/* End PBXFrameworksBuildPhase section */

/* Begin PBXGroup section */
		CBE5D3ED1C8BB81B00CD3289 = {
			isa = PBXGroup;
			children = (
				CBE5D3F81C8BB81B00CD3289 /* collectionView */,
				CBE5D40D1C8BB81B00CD3289 /* collectionViewTests */,
				CBE5D4181C8BB81B00CD3289 /* collectionViewUITests */,
				CBE5D3F71C8BB81B00CD3289 /* Products */,
			);
			sourceTree = "<group>";
		};
		CBE5D3F71C8BB81B00CD3289 /* Products */ = {
			isa = PBXGroup;
			children = (
				CBE5D3F61C8BB81B00CD3289 /* collectionView.app */,
				CBE5D40A1C8BB81B00CD3289 /* collectionViewTests.xctest */,
				CBE5D4151C8BB81B00CD3289 /* collectionViewUITests.xctest */,
			);
			name = Products;
			sourceTree = "<group>";
		};
		CBE5D3F81C8BB81B00CD3289 /* collectionView */ = {
			isa = PBXGroup;
			children = (
				CBE5D3F91C8BB81B00CD3289 /* AppDelegate.swift */,
				CBE5D3FB1C8BB81B00CD3289 /* ViewController.swift */,
				CBE5D3FD1C8BB81B00CD3289 /* Main.storyboard */,
				CBE5D4001C8BB81B00CD3289 /* Assets.xcassets */,
				CBE5D4021C8BB81B00CD3289 /* LaunchScreen.storyboard */,
				CBE5D4051C8BB81B00CD3289 /* Info.plist */,
			);
			path = collectionView;
			sourceTree = "<group>";
		};
		CBE5D40D1C8BB81B00CD3289 /* collectionViewTests */ = {
			isa = PBXGroup;
			children = (
				CBE5D40E1C8BB81B00CD3289 /* collectionViewTests.swift */,
				CBE5D4101C8BB81B00CD3289 /* Info.plist */,
			);
			path = collectionViewTests;
			sourceTree = "<group>";
		};
		CBE5D4181C8BB81B00CD3289 /* collectionViewUITests */ = {
			isa = PBXGroup;
			children = (
				CBE5D4191C8BB81B00CD3289 /* collectionViewUITests.swift */,
				CBE5D41B1C8BB81B00CD3289 /* Info.plist */,
			);
			path = collectionViewUITests;
			sourceTree = "<group>";
		};
/* End PBXGroup section */

/* Begin PBXNativeTarget section */
		CBE5D3F51C8BB81B00CD3289 /* collectionView */ = {
			isa = PBXNativeTarget;
			buildConfigurationList = CBE5D41E1C8BB81B00CD3289 /* Build configuration list for PBXNativeTarget "collectionView" */;
			buildPhases = (
				CBE5D3F21C8BB81B00CD3289 /* Sources */,
				CBE5D3F31C8BB81B00CD3289 /* Frameworks */,
				CBE5D3F41C8BB81B00CD3289 /* Resources */,
			);
			buildRules = (
			);
			dependencies = (
			);
			name = collectionView;
			productName = collectionView;
			productReference = CBE5D3F61C8BB81B00CD3289 /* collectionView.app */;
			productType = "com.apple.product-type.application";
		};
		CBE5D4091C8BB81B00CD3289 /* collectionViewTests */ = {
			isa = PBXNativeTarget;
			buildConfigurationList = CBE5D4211C8BB81B00CD3289 /* Build configuration list for PBXNativeTarget "collectionViewTests" */;
			buildPhases = (
				CBE5D4061C8BB81B00CD3289 /* Sources */,
				CBE5D4071C8BB81B00CD3289 /* Frameworks */,
				CBE5D4081C8BB81B00CD3289 /* Resources */,
			);
			buildRules = (
			);
			dependencies = (
				CBE5D40C1C8BB81B00CD3289 /* PBXTargetDependency */,
			);
			name = collectionViewTests;
			productName = collectionViewTests;
			productReference = CBE5D40A1C8BB81B00CD3289 /* collectionViewTests.xctest */;
			productType = "com.apple.product-type.bundle.unit-test";
		};
		CBE5D4141C8BB81B00CD3289 /* collectionViewUITests */ = {
			isa = PBXNativeTarget;
			buildConfigurationList = CBE5D4241C8BB81B00CD3289 /* Build configuration list for PBXNativeTarget "collectionViewUITests" */;
			buildPhases = (
				CBE5D4111C8BB81B00CD3289 /* Sources */,
				CBE5D4121C8BB81B00CD3289 /* Frameworks */,
				CBE5D4131C8BB81B00CD3289 /* Resources */,
			);
			buildRules = (
			);
			dependencies = (
				CBE5D4171C8BB81B00CD3289 /* PBXTargetDependency */,
			);
			name = collectionViewUITests;
			productName = collectionViewUITests;
			productReference = CBE5D4151C8BB81B00CD3289 /* collectionViewUITests.xctest */;
			productType = "com.apple.product-type.bundle.ui-testing";
		};
/* End PBXNativeTarget section */

/* Begin PBXProject section */
		CBE5D3EE1C8BB81B00CD3289 /* Project object */ = {
			isa = PBXProject;
			attributes = {
				LastSwiftUpdateCheck = 0720;
				LastUpgradeCheck = 0720;
				ORGANIZATIONNAME = Broven;
				TargetAttributes = {
					CBE5D3F51C8BB81B00CD3289 = {
						CreatedOnToolsVersion = 7.2.1;
						DevelopmentTeam = 8WX9CXSLX2;
					};
					CBE5D4091C8BB81B00CD3289 = {
						CreatedOnToolsVersion = 7.2.1;
						DevelopmentTeam = 8WX9CXSLX2;
						TestTargetID = CBE5D3F51C8BB81B00CD3289;
					};
					CBE5D4141C8BB81B00CD3289 = {
						CreatedOnToolsVersion = 7.2.1;
						DevelopmentTeam = 8WX9CXSLX2;
						TestTargetID = CBE5D3F51C8BB81B00CD3289;
					};
				};
			};
			buildConfigurationList = CBE5D3F11C8BB81B00CD3289 /* Build configuration list for PBXProject "collectionView" */;
			compatibilityVersion = "Xcode 3.2";
			developmentRegion = English;
			hasScannedForEncodings = 0;
			knownRegions = (
				en,
				Base,
			);
			mainGroup = CBE5D3ED1C8BB81B00CD3289;
			productRefGroup = CBE5D3F71C8BB81B00CD3289 /* Products */;
			projectDirPath = "";
			projectRoot = "";
			targets = (
				CBE5D3F51C8BB81B00CD3289 /* collectionView */,
				CBE5D4091C8BB81B00CD3289 /* collectionViewTests */,
				CBE5D4141C8BB81B00CD3289 /* collectionViewUITests */,
			);
		};
/* End PBXProject section */

/* Begin PBXResourcesBuildPhase section */
		CBE5D3F41C8BB81B00CD3289 /* Resources */ = {
			isa = PBXResourcesBuildPhase;
			buildActionMask = 2147483647;
			files = (
				CBE5D4041C8BB81B00CD3289 /* LaunchScreen.storyboard in Resources */,
				CBE5D4011C8BB81B00CD3289 /* Assets.xcassets in Resources */,
				CBE5D3FF1C8BB81B00CD3289 /* Main.storyboard in Resources */,
			);
			runOnlyForDeploymentPostprocessing = 0;
		};
		CBE5D4081C8BB81B00CD3289 /* Resources */ = {
			isa = PBXResourcesBuildPhase;
			buildActionMask = 2147483647;
			files = (
			);
			runOnlyForDeploymentPostprocessing = 0;
		};
		CBE5D4131C8BB81B00CD3289 /* Resources */ = {
			isa = PBXResourcesBuildPhase;
			buildActionMask = 2147483647;
			files = (
			);
			runOnlyForDeploymentPostprocessing = 0;
		};
/* End PBXResourcesBuildPhase section */

/* Begin PBXSourcesBuildPhase section */
		CBE5D3F21C8BB81B00CD3289 /* Sources */ = {
			isa = PBXSourcesBuildPhase;
			buildActionMask = 2147483647;
			files = (
				CBE5D3FC1C8BB81B00CD3289 /* ViewController.swift in Sources */,
				CBE5D3FA1C8BB81B00CD3289 /* AppDelegate.swift in Sources */,
			);
			runOnlyForDeploymentPostprocessing = 0;
		};
		CBE5D4061C8BB81B00CD3289 /* Sources */ = {
			isa = PBXSourcesBuildPhase;
			buildActionMask = 2147483647;
			files = (
				CBE5D40F1C8BB81B00CD3289 /* collectionViewTests.swift in Sources */,
			);
			runOnlyForDeploymentPostprocessing = 0;
		};
		CBE5D4111C8BB81B00CD3289 /* Sources */ = {
			isa = PBXSourcesBuildPhase;
			buildActionMask = 2147483647;
			files = (
				CBE5D41A1C8BB81B00CD3289 /* collectionViewUITests.swift in Sources */,
			);
			runOnlyForDeploymentPostprocessing = 0;
		};
/* End PBXSourcesBuildPhase section */

/* Begin PBXTargetDependency section */
		CBE5D40C1C8BB81B00CD3289 /* PBXTargetDependency */ = {
			isa = PBXTargetDependency;
			target = CBE5D3F51C8BB81B00CD3289 /* collectionView */;
			targetProxy = CBE5D40B1C8BB81B00CD3289 /* PBXContainerItemProxy */;
		};
		CBE5D4171C8BB81B00CD3289 /* PBXTargetDependency */ = {
			isa = PBXTargetDependency;
			target = CBE5D3F51C8BB81B00CD3289 /* collectionView */;
			targetProxy = CBE5D4161C8BB81B00CD3289 /* PBXContainerItemProxy */;
		};
/* End PBXTargetDependency section */

/* Begin PBXVariantGroup section */
		CBE5D3FD1C8BB81B00CD3289 /* Main.storyboard */ = {
			isa = PBXVariantGroup;
			children = (
				CBE5D3FE1C8BB81B00CD3289 /* Base */,
			);
			name = Main.storyboard;
			sourceTree = "<group>";
		};
		CBE5D4021C8BB81B00CD3289 /* LaunchScreen.storyboard */ = {
			isa = PBXVariantGroup;
			children = (
				CBE5D4031C8BB81B00CD3289 /* Base */,
			);
			name = LaunchScreen.storyboard;
			sourceTree = "<group>";
		};
/* End PBXVariantGroup section */

/* Begin XCBuildConfiguration section */
		CBE5D41C1C8BB81B00CD3289 /* Debug */ = {
			isa = XCBuildConfiguration;
			buildSettings = {
				ALWAYS_SEARCH_USER_PATHS = NO;
				CLANG_CXX_LANGUAGE_STANDARD = "gnu++0x";
				CLANG_CXX_LIBRARY = "libc++";
				CLANG_ENABLE_MODULES = YES;
				CLANG_ENABLE_OBJC_ARC = YES;
				CLANG_WARN_BOOL_CONVERSION = YES;
				CLANG_WARN_CONSTANT_CONVERSION = YES;
				CLANG_WARN_DIRECT_OBJC_ISA_USAGE = YES_ERROR;
				CLANG_WARN_EMPTY_BODY = YES;
				CLANG_WARN_ENUM_CONVERSION = YES;
				CLANG_WARN_INT_CONVERSION = YES;
				CLANG_WARN_OBJC_ROOT_CLASS = YES_ERROR;
				CLANG_WARN_UNREACHABLE_CODE = YES;
				CLANG_WARN__DUPLICATE_METHOD_MATCH = YES;
				"CODE_SIGN_IDENTITY[sdk=iphoneos*]" = "iPhone Developer";
				COPY_PHASE_STRIP = NO;
				DEBUG_INFORMATION_FORMAT = dwarf;
				ENABLE_STRICT_OBJC_MSGSEND = YES;
				ENABLE_TESTABILITY = YES;
				GCC_C_LANGUAGE_STANDARD = gnu99;
				GCC_DYNAMIC_NO_PIC = NO;
				GCC_NO_COMMON_BLOCKS = YES;
				GCC_OPTIMIZATION_LEVEL = 0;
				GCC_PREPROCESSOR_DEFINITIONS = (
					"DEBUG=1",
					"$(inherited)",
				);
				GCC_WARN_64_TO_32_BIT_CONVERSION = YES;
				GCC_WARN_ABOUT_RETURN_TYPE = YES_ERROR;
				GCC_WARN_UNDECLARED_SELECTOR = YES;
				GCC_WARN_UNINITIALIZED_AUTOS = YES_AGGRESSIVE;
				GCC_WARN_UNUSED_FUNCTION = YES;
				GCC_WARN_UNUSED_VARIABLE = YES;
				IPHONEOS_DEPLOYMENT_TARGET = 9.2;
				MTL_ENABLE_DEBUG_INFO = YES;
				ONLY_ACTIVE_ARCH = YES;
				SDKROOT = iphoneos;
				SWIFT_OPTIMIZATION_LEVEL = "-Onone";
				TARGETED_DEVICE_FAMILY = "1,2";
			};
			name = Debug;
		};
		CBE5D41D1C8BB81B00CD3289 /* Release */ = {
			isa = XCBuildConfiguration;
			buildSettings = {
				ALWAYS_SEARCH_USER_PATHS = NO;
				CLANG_CXX_LANGUAGE_STANDARD = "gnu++0x";
				CLANG_CXX_LIBRARY = "libc++";
				CLANG_ENABLE_MODULES = YES;
				CLANG_ENABLE_OBJC_ARC = YES;
				CLANG_WARN_BOOL_CONVERSION = YES;
				CLANG_WARN_CONSTANT_CONVERSION = YES;
				CLANG_WARN_DIRECT_OBJC_ISA_USAGE = YES_ERROR;
				CLANG_WARN_EMPTY_BODY = YES;
				CLANG_WARN_ENUM_CONVERSION = YES;
				CLANG_WARN_INT_CONVERSION = YES;
				CLANG_WARN_OBJC_ROOT_CLASS = YES_ERROR;
				CLANG_WARN_UNREACHABLE_CODE = YES;
				CLANG_WARN__DUPLICATE_METHOD_MATCH = YES;
				"CODE_SIGN_IDENTITY[sdk=iphoneos*]" = "iPhone Developer";
				COPY_PHASE_STRIP = NO;
				DEBUG_INFORMATION_FORMAT = "dwarf-with-dsym";
				ENABLE_NS_ASSERTIONS = NO;
				ENABLE_STRICT_OBJC_MSGSEND = YES;
				GCC_C_LANGUAGE_STANDARD = gnu99;
				GCC_NO_COMMON_BLOCKS = YES;
				GCC_WARN_64_TO_32_BIT_CONVERSION = YES;
				GCC_WARN_ABOUT_RETURN_TYPE = YES_ERROR;
				GCC_WARN_UNDECLARED_SELECTOR = YES;
				GCC_WARN_UNINITIALIZED_AUTOS = YES_AGGRESSIVE;
				GCC_WARN_UNUSED_FUNCTION = YES;
				GCC_WARN_UNUSED_VARIABLE = YES;
				IPHONEOS_DEPLOYMENT_TARGET = 9.2;
				MTL_ENABLE_DEBUG_INFO = NO;
				SDKROOT = iphoneos;
				TARGETED_DEVICE_FAMILY = "1,2";
				VALIDATE_PRODUCT = YES;
			};
			name = Release;
		};
		CBE5D41F1C8BB81B00CD3289 /* Debug */ = {
			isa = XCBuildConfiguration;
			buildSettings = {
				ASSETCATALOG_COMPILER_APPICON_NAME = AppIcon;
				INFOPLIST_FILE = collectionView/Info.plist;
				LD_RUNPATH_SEARCH_PATHS = "$(inherited) @executable_path/Frameworks";
				PRODUCT_BUNDLE_IDENTIFIER = com.iss.broven.collectionView;
				PRODUCT_NAME = "$(TARGET_NAME)";
			};
			name = Debug;
		};
		CBE5D4201C8BB81B00CD3289 /* Release */ = {
			isa = XCBuildConfiguration;
			buildSettings = {
				ASSETCATALOG_COMPILER_APPICON_NAME = AppIcon;
				INFOPLIST_FILE = collectionView/Info.plist;
				LD_RUNPATH_SEARCH_PATHS = "$(inherited) @executable_path/Frameworks";
				PRODUCT_BUNDLE_IDENTIFIER = com.iss.broven.collectionView;
				PRODUCT_NAME = "$(TARGET_NAME)";
			};
			name = Release;
		};
		CBE5D4221C8BB81B00CD3289 /* Debug */ = {
			isa = XCBuildConfiguration;
			buildSettings = {
				BUNDLE_LOADER = "$(TEST_HOST)";
				INFOPLIST_FILE = collectionViewTests/Info.plist;
				LD_RUNPATH_SEARCH_PATHS = "$(inherited) @executable_path/Frameworks @loader_path/Frameworks";
				PRODUCT_BUNDLE_IDENTIFIER = com.iss.broven.collectionViewTests;
				PRODUCT_NAME = "$(TARGET_NAME)";
				TEST_HOST = "$(BUILT_PRODUCTS_DIR)/collectionView.app/collectionView";
			};
			name = Debug;
		};
		CBE5D4231C8BB81B00CD3289 /* Release */ = {
			isa = XCBuildConfiguration;
			buildSettings = {
				BUNDLE_LOADER = "$(TEST_HOST)";
				INFOPLIST_FILE = collectionViewTests/Info.plist;
				LD_RUNPATH_SEARCH_PATHS = "$(inherited) @executable_path/Frameworks @loader_path/Frameworks";
				PRODUCT_BUNDLE_IDENTIFIER = com.iss.broven.collectionViewTests;
				PRODUCT_NAME = "$(TARGET_NAME)";
				TEST_HOST = "$(BUILT_PRODUCTS_DIR)/collectionView.app/collectionView";
			};
			name = Release;
		};
		CBE5D4251C8BB81B00CD3289 /* Debug */ = {
			isa = XCBuildConfiguration;
			buildSettings = {
				INFOPLIST_FILE = collectionViewUITests/Info.plist;
				LD_RUNPATH_SEARCH_PATHS = "$(inherited) @executable_path/Frameworks @loader_path/Frameworks";
				PRODUCT_BUNDLE_IDENTIFIER = com.iss.broven.collectionViewUITests;
				PRODUCT_NAME = "$(TARGET_NAME)";
				TEST_TARGET_NAME = collectionView;
				USES_XCTRUNNER = YES;
			};
			name = Debug;
		};
		CBE5D4261C8BB81B00CD3289 /* Release */ = {
			isa = XCBuildConfiguration;
			buildSettings = {
				INFOPLIST_FILE = collectionViewUITests/Info.plist;
				LD_RUNPATH_SEARCH_PATHS = "$(inherited) @executable_path/Frameworks @loader_path/Frameworks";
				PRODUCT_BUNDLE_IDENTIFIER = com.iss.broven.collectionViewUITests;
				PRODUCT_NAME = "$(TARGET_NAME)";
				TEST_TARGET_NAME = collectionView;
				USES_XCTRUNNER = YES;
			};
			name = Release;
		};
/* End XCBuildConfiguration section */

/* Begin XCConfigurationList section */
		CBE5D3F11C8BB81B00CD3289 /* Build configuration list for PBXProject "collectionView" */ = {
			isa = XCConfigurationList;
			buildConfigurations = (
				CBE5D41C1C8BB81B00CD3289 /* Debug */,
				CBE5D41D1C8BB81B00CD3289 /* Release */,
			);
			defaultConfigurationIsVisible = 0;
			defaultConfigurationName = Release;
		};
		CBE5D41E1C8BB81B00CD3289 /* Build configuration list for PBXNativeTarget "collectionView" */ = {
			isa = XCConfigurationList;
			buildConfigurations = (
				CBE5D41F1C8BB81B00CD3289 /* Debug */,
				CBE5D4201C8BB81B00CD3289 /* Release */,
			);
			defaultConfigurationIsVisible = 0;
		};
		CBE5D4211C8BB81B00CD3289 /* Build configuration list for PBXNativeTarget "collectionViewTests" */ = {
			isa = XCConfigurationList;
			buildConfigurations = (
				CBE5D4221C8BB81B00CD3289 /* Debug */,
				CBE5D4231C8BB81B00CD3289 /* Release */,
			);
			defaultConfigurationIsVisible = 0;
		};
		CBE5D4241C8BB81B00CD3289 /* Build configuration list for PBXNativeTarget "collectionViewUITests" */ = {
			isa = XCConfigurationList;
			buildConfigurations = (
				CBE5D4251C8BB81B00CD3289 /* Debug */,
				CBE5D4261C8BB81B00CD3289 /* Release */,
			);
			defaultConfigurationIsVisible = 0;
		};
/* End XCConfigurationList section */
	};
	rootObject = CBE5D3EE1C8BB81B00CD3289 /* Project object */;
}
