// !$*UTF8*$!
{
	archiveVersion = 1;
	classes = {
	};
	objectVersion = 46;
	objects = {

/* Begin PBXBuildFile section */
		CB86C3471C70BCDB0076DE08 /* AppDelegate.swift in Sources */ = {isa = PBXBuildFile; fileRef = CB86C3461C70BCDB0076DE08 /* AppDelegate.swift */; };
		CB86C3491C70BCDB0076DE08 /* ViewController.swift in Sources */ = {isa = PBXBuildFile; fileRef = CB86C3481C70BCDB0076DE08 /* ViewController.swift */; };
		CB86C34C1C70BCDB0076DE08 /* Main.storyboard in Resources */ = {isa = PBXBuildFile; fileRef = CB86C34A1C70BCDB0076DE08 /* Main.storyboard */; };
		CB86C34E1C70BCDB0076DE08 /* Assets.xcassets in Resources */ = {isa = PBXBuildFile; fileRef = CB86C34D1C70BCDB0076DE08 /* Assets.xcassets */; };
		CB86C3511C70BCDB0076DE08 /* LaunchScreen.storyboard in Resources */ = {isa = PBXBuildFile; fileRef = CB86C34F1C70BCDB0076DE08 /* LaunchScreen.storyboard */; };
		CB86C35C1C70BCDB0076DE08 /* getDataTests.swift in Sources */ = {isa = PBXBuildFile; fileRef = CB86C35B1C70BCDB0076DE08 /* getDataTests.swift */; };
		CB86C3671C70BCDB0076DE08 /* getDataUITests.swift in Sources */ = {isa = PBXBuildFile; fileRef = CB86C3661C70BCDB0076DE08 /* getDataUITests.swift */; };
/* End PBXBuildFile section */

/* Begin PBXContainerItemProxy section */
		CB86C3581C70BCDB0076DE08 /* PBXContainerItemProxy */ = {
			isa = PBXContainerItemProxy;
			containerPortal = CB86C33B1C70BCDB0076DE08 /* Project object */;
			proxyType = 1;
			remoteGlobalIDString = CB86C3421C70BCDB0076DE08;
			remoteInfo = getData;
		};
		CB86C3631C70BCDB0076DE08 /* PBXContainerItemProxy */ = {
			isa = PBXContainerItemProxy;
			containerPortal = CB86C33B1C70BCDB0076DE08 /* Project object */;
			proxyType = 1;
			remoteGlobalIDString = CB86C3421C70BCDB0076DE08;
			remoteInfo = getData;
		};
/* End PBXContainerItemProxy section */

/* Begin PBXFileReference section */
		CB86C3431C70BCDB0076DE08 /* getData.app */ = {isa = PBXFileReference; explicitFileType = wrapper.application; includeInIndex = 0; path = getData.app; sourceTree = BUILT_PRODUCTS_DIR; };
		CB86C3461C70BCDB0076DE08 /* AppDelegate.swift */ = {isa = PBXFileReference; lastKnownFileType = sourcecode.swift; path = AppDelegate.swift; sourceTree = "<group>"; };
		CB86C3481C70BCDB0076DE08 /* ViewController.swift */ = {isa = PBXFileReference; lastKnownFileType = sourcecode.swift; path = ViewController.swift; sourceTree = "<group>"; };
		CB86C34B1C70BCDB0076DE08 /* Base */ = {isa = PBXFileReference; lastKnownFileType = file.storyboard; name = Base; path = Base.lproj/Main.storyboard; sourceTree = "<group>"; };
		CB86C34D1C70BCDB0076DE08 /* Assets.xcassets */ = {isa = PBXFileReference; lastKnownFileType = folder.assetcatalog; path = Assets.xcassets; sourceTree = "<group>"; };
		CB86C3501C70BCDB0076DE08 /* Base */ = {isa = PBXFileReference; lastKnownFileType = file.storyboard; name = Base; path = Base.lproj/LaunchScreen.storyboard; sourceTree = "<group>"; };
		CB86C3521C70BCDB0076DE08 /* Info.plist */ = {isa = PBXFileReference; lastKnownFileType = text.plist.xml; path = Info.plist; sourceTree = "<group>"; };
		CB86C3571C70BCDB0076DE08 /* getDataTests.xctest */ = {isa = PBXFileReference; explicitFileType = wrapper.cfbundle; includeInIndex = 0; path = getDataTests.xctest; sourceTree = BUILT_PRODUCTS_DIR; };
		CB86C35B1C70BCDB0076DE08 /* getDataTests.swift */ = {isa = PBXFileReference; lastKnownFileType = sourcecode.swift; path = getDataTests.swift; sourceTree = "<group>"; };
		CB86C35D1C70BCDB0076DE08 /* Info.plist */ = {isa = PBXFileReference; lastKnownFileType = text.plist.xml; path = Info.plist; sourceTree = "<group>"; };
		CB86C3621C70BCDB0076DE08 /* getDataUITests.xctest */ = {isa = PBXFileReference; explicitFileType = wrapper.cfbundle; includeInIndex = 0; path = getDataUITests.xctest; sourceTree = BUILT_PRODUCTS_DIR; };
		CB86C3661C70BCDB0076DE08 /* getDataUITests.swift */ = {isa = PBXFileReference; lastKnownFileType = sourcecode.swift; path = getDataUITests.swift; sourceTree = "<group>"; };
		CB86C3681C70BCDB0076DE08 /* Info.plist */ = {isa = PBXFileReference; lastKnownFileType = text.plist.xml; path = Info.plist; sourceTree = "<group>"; };
/* End PBXFileReference section */

/* Begin PBXFrameworksBuildPhase section */
		CB86C3401C70BCDB0076DE08 /* Frameworks */ = {
			isa = PBXFrameworksBuildPhase;
			buildActionMask = 2147483647;
			files = (
			);
			runOnlyForDeploymentPostprocessing = 0;
		};
		CB86C3541C70BCDB0076DE08 /* Frameworks */ = {
			isa = PBXFrameworksBuildPhase;
			buildActionMask = 2147483647;
			files = (
			);
			runOnlyForDeploymentPostprocessing = 0;
		};
		CB86C35F1C70BCDB0076DE08 /* Frameworks */ = {
			isa = PBXFrameworksBuildPhase;
			buildActionMask = 2147483647;
			files = (
			);
			runOnlyForDeploymentPostprocessing = 0;
		};
/* End PBXFrameworksBuildPhase section */

/* Begin PBXGroup section */
		CB86C33A1C70BCDB0076DE08 = {
			isa = PBXGroup;
			children = (
				CB86C3451C70BCDB0076DE08 /* getData */,
				CB86C35A1C70BCDB0076DE08 /* getDataTests */,
				CB86C3651C70BCDB0076DE08 /* getDataUITests */,
				CB86C3441C70BCDB0076DE08 /* Products */,
			);
			sourceTree = "<group>";
		};
		CB86C3441C70BCDB0076DE08 /* Products */ = {
			isa = PBXGroup;
			children = (
				CB86C3431C70BCDB0076DE08 /* getData.app */,
				CB86C3571C70BCDB0076DE08 /* getDataTests.xctest */,
				CB86C3621C70BCDB0076DE08 /* getDataUITests.xctest */,
			);
			name = Products;
			sourceTree = "<group>";
		};
		CB86C3451C70BCDB0076DE08 /* getData */ = {
			isa = PBXGroup;
			children = (
				CB86C3461C70BCDB0076DE08 /* AppDelegate.swift */,
				CB86C3481C70BCDB0076DE08 /* ViewController.swift */,
				CB86C34A1C70BCDB0076DE08 /* Main.storyboard */,
				CB86C34D1C70BCDB0076DE08 /* Assets.xcassets */,
				CB86C34F1C70BCDB0076DE08 /* LaunchScreen.storyboard */,
				CB86C3521C70BCDB0076DE08 /* Info.plist */,
			);
			path = getData;
			sourceTree = "<group>";
		};
		CB86C35A1C70BCDB0076DE08 /* getDataTests */ = {
			isa = PBXGroup;
			children = (
				CB86C35B1C70BCDB0076DE08 /* getDataTests.swift */,
				CB86C35D1C70BCDB0076DE08 /* Info.plist */,
			);
			path = getDataTests;
			sourceTree = "<group>";
		};
		CB86C3651C70BCDB0076DE08 /* getDataUITests */ = {
			isa = PBXGroup;
			children = (
				CB86C3661C70BCDB0076DE08 /* getDataUITests.swift */,
				CB86C3681C70BCDB0076DE08 /* Info.plist */,
			);
			path = getDataUITests;
			sourceTree = "<group>";
		};
/* End PBXGroup section */

/* Begin PBXNativeTarget section */
		CB86C3421C70BCDB0076DE08 /* getData */ = {
			isa = PBXNativeTarget;
			buildConfigurationList = CB86C36B1C70BCDB0076DE08 /* Build configuration list for PBXNativeTarget "getData" */;
			buildPhases = (
				CB86C33F1C70BCDB0076DE08 /* Sources */,
				CB86C3401C70BCDB0076DE08 /* Frameworks */,
				CB86C3411C70BCDB0076DE08 /* Resources */,
			);
			buildRules = (
			);
			dependencies = (
			);
			name = getData;
			productName = getData;
			productReference = CB86C3431C70BCDB0076DE08 /* getData.app */;
			productType = "com.apple.product-type.application";
		};
		CB86C3561C70BCDB0076DE08 /* getDataTests */ = {
			isa = PBXNativeTarget;
			buildConfigurationList = CB86C36E1C70BCDB0076DE08 /* Build configuration list for PBXNativeTarget "getDataTests" */;
			buildPhases = (
				CB86C3531C70BCDB0076DE08 /* Sources */,
				CB86C3541C70BCDB0076DE08 /* Frameworks */,
				CB86C3551C70BCDB0076DE08 /* Resources */,
			);
			buildRules = (
			);
			dependencies = (
				CB86C3591C70BCDB0076DE08 /* PBXTargetDependency */,
			);
			name = getDataTests;
			productName = getDataTests;
			productReference = CB86C3571C70BCDB0076DE08 /* getDataTests.xctest */;
			productType = "com.apple.product-type.bundle.unit-test";
		};
		CB86C3611C70BCDB0076DE08 /* getDataUITests */ = {
			isa = PBXNativeTarget;
			buildConfigurationList = CB86C3711C70BCDB0076DE08 /* Build configuration list for PBXNativeTarget "getDataUITests" */;
			buildPhases = (
				CB86C35E1C70BCDB0076DE08 /* Sources */,
				CB86C35F1C70BCDB0076DE08 /* Frameworks */,
				CB86C3601C70BCDB0076DE08 /* Resources */,
			);
			buildRules = (
			);
			dependencies = (
				CB86C3641C70BCDB0076DE08 /* PBXTargetDependency */,
			);
			name = getDataUITests;
			productName = getDataUITests;
			productReference = CB86C3621C70BCDB0076DE08 /* getDataUITests.xctest */;
			productType = "com.apple.product-type.bundle.ui-testing";
		};
/* End PBXNativeTarget section */

/* Begin PBXProject section */
		CB86C33B1C70BCDB0076DE08 /* Project object */ = {
			isa = PBXProject;
			attributes = {
				LastSwiftUpdateCheck = 0720;
				LastUpgradeCheck = 0720;
				ORGANIZATIONNAME = Broven;
				TargetAttributes = {
					CB86C3421C70BCDB0076DE08 = {
						CreatedOnToolsVersion = 7.2.1;
						DevelopmentTeam = 8WX9CXSLX2;
					};
					CB86C3561C70BCDB0076DE08 = {
						CreatedOnToolsVersion = 7.2.1;
						DevelopmentTeam = 8WX9CXSLX2;
						TestTargetID = CB86C3421C70BCDB0076DE08;
					};
					CB86C3611C70BCDB0076DE08 = {
						CreatedOnToolsVersion = 7.2.1;
						DevelopmentTeam = 8WX9CXSLX2;
						TestTargetID = CB86C3421C70BCDB0076DE08;
					};
				};
			};
			buildConfigurationList = CB86C33E1C70BCDB0076DE08 /* Build configuration list for PBXProject "getData" */;
			compatibilityVersion = "Xcode 3.2";
			developmentRegion = English;
			hasScannedForEncodings = 0;
			knownRegions = (
				en,
				Base,
			);
			mainGroup = CB86C33A1C70BCDB0076DE08;
			productRefGroup = CB86C3441C70BCDB0076DE08 /* Products */;
			projectDirPath = "";
			projectRoot = "";
			targets = (
				CB86C3421C70BCDB0076DE08 /* getData */,
				CB86C3561C70BCDB0076DE08 /* getDataTests */,
				CB86C3611C70BCDB0076DE08 /* getDataUITests */,
			);
		};
/* End PBXProject section */

/* Begin PBXResourcesBuildPhase section */
		CB86C3411C70BCDB0076DE08 /* Resources */ = {
			isa = PBXResourcesBuildPhase;
			buildActionMask = 2147483647;
			files = (
				CB86C3511C70BCDB0076DE08 /* LaunchScreen.storyboard in Resources */,
				CB86C34E1C70BCDB0076DE08 /* Assets.xcassets in Resources */,
				CB86C34C1C70BCDB0076DE08 /* Main.storyboard in Resources */,
			);
			runOnlyForDeploymentPostprocessing = 0;
		};
		CB86C3551C70BCDB0076DE08 /* Resources */ = {
			isa = PBXResourcesBuildPhase;
			buildActionMask = 2147483647;
			files = (
			);
			runOnlyForDeploymentPostprocessing = 0;
		};
		CB86C3601C70BCDB0076DE08 /* Resources */ = {
			isa = PBXResourcesBuildPhase;
			buildActionMask = 2147483647;
			files = (
			);
			runOnlyForDeploymentPostprocessing = 0;
		};
/* End PBXResourcesBuildPhase section */

/* Begin PBXSourcesBuildPhase section */
		CB86C33F1C70BCDB0076DE08 /* Sources */ = {
			isa = PBXSourcesBuildPhase;
			buildActionMask = 2147483647;
			files = (
				CB86C3491C70BCDB0076DE08 /* ViewController.swift in Sources */,
				CB86C3471C70BCDB0076DE08 /* AppDelegate.swift in Sources */,
			);
			runOnlyForDeploymentPostprocessing = 0;
		};
		CB86C3531C70BCDB0076DE08 /* Sources */ = {
			isa = PBXSourcesBuildPhase;
			buildActionMask = 2147483647;
			files = (
				CB86C35C1C70BCDB0076DE08 /* getDataTests.swift in Sources */,
			);
			runOnlyForDeploymentPostprocessing = 0;
		};
		CB86C35E1C70BCDB0076DE08 /* Sources */ = {
			isa = PBXSourcesBuildPhase;
			buildActionMask = 2147483647;
			files = (
				CB86C3671C70BCDB0076DE08 /* getDataUITests.swift in Sources */,
			);
			runOnlyForDeploymentPostprocessing = 0;
		};
/* End PBXSourcesBuildPhase section */

/* Begin PBXTargetDependency section */
		CB86C3591C70BCDB0076DE08 /* PBXTargetDependency */ = {
			isa = PBXTargetDependency;
			target = CB86C3421C70BCDB0076DE08 /* getData */;
			targetProxy = CB86C3581C70BCDB0076DE08 /* PBXContainerItemProxy */;
		};
		CB86C3641C70BCDB0076DE08 /* PBXTargetDependency */ = {
			isa = PBXTargetDependency;
			target = CB86C3421C70BCDB0076DE08 /* getData */;
			targetProxy = CB86C3631C70BCDB0076DE08 /* PBXContainerItemProxy */;
		};
/* End PBXTargetDependency section */

/* Begin PBXVariantGroup section */
		CB86C34A1C70BCDB0076DE08 /* Main.storyboard */ = {
			isa = PBXVariantGroup;
			children = (
				CB86C34B1C70BCDB0076DE08 /* Base */,
			);
			name = Main.storyboard;
			sourceTree = "<group>";
		};
		CB86C34F1C70BCDB0076DE08 /* LaunchScreen.storyboard */ = {
			isa = PBXVariantGroup;
			children = (
				CB86C3501C70BCDB0076DE08 /* Base */,
			);
			name = LaunchScreen.storyboard;
			sourceTree = "<group>";
		};
/* End PBXVariantGroup section */

/* Begin XCBuildConfiguration section */
		CB86C3691C70BCDB0076DE08 /* Debug */ = {
			isa = XCBuildConfiguration;
			buildSettings = {
				ALWAYS_SEARCH_USER_PATHS = NO;
				CLANG_CXX_LANGUAGE_STANDARD = "gnu++0x";
				CLANG_CXX_LIBRARY = "libc++";
				CLANG_ENABLE_MODULES = YES;
				CLANG_ENABLE_OBJC_ARC = YES;
				CLANG_WARN_BOOL_CONVERSION = YES;
				CLANG_WARN_CONSTANT_CONVERSION = YES;
				CLANG_WARN_DIRECT_OBJC_ISA_USAGE = YES_ERROR;
				CLANG_WARN_EMPTY_BODY = YES;
				CLANG_WARN_ENUM_CONVERSION = YES;
				CLANG_WARN_INT_CONVERSION = YES;
				CLANG_WARN_OBJC_ROOT_CLASS = YES_ERROR;
				CLANG_WARN_UNREACHABLE_CODE = YES;
				CLANG_WARN__DUPLICATE_METHOD_MATCH = YES;
				"CODE_SIGN_IDENTITY[sdk=iphoneos*]" = "iPhone Developer";
				COPY_PHASE_STRIP = NO;
				DEBUG_INFORMATION_FORMAT = dwarf;
				ENABLE_STRICT_OBJC_MSGSEND = YES;
				ENABLE_TESTABILITY = YES;
				GCC_C_LANGUAGE_STANDARD = gnu99;
				GCC_DYNAMIC_NO_PIC = NO;
				GCC_NO_COMMON_BLOCKS = YES;
				GCC_OPTIMIZATION_LEVEL = 0;
				GCC_PREPROCESSOR_DEFINITIONS = (
					"DEBUG=1",
					"$(inherited)",
				);
				GCC_WARN_64_TO_32_BIT_CONVERSION = YES;
				GCC_WARN_ABOUT_RETURN_TYPE = YES_ERROR;
				GCC_WARN_UNDECLARED_SELECTOR = YES;
				GCC_WARN_UNINITIALIZED_AUTOS = YES_AGGRESSIVE;
				GCC_WARN_UNUSED_FUNCTION = YES;
				GCC_WARN_UNUSED_VARIABLE = YES;
				IPHONEOS_DEPLOYMENT_TARGET = 9.2;
				MTL_ENABLE_DEBUG_INFO = YES;
				ONLY_ACTIVE_ARCH = YES;
				SDKROOT = iphoneos;
				SWIFT_OPTIMIZATION_LEVEL = "-Onone";
				TARGETED_DEVICE_FAMILY = "1,2";
			};
			name = Debug;
		};
		CB86C36A1C70BCDB0076DE08 /* Release */ = {
			isa = XCBuildConfiguration;
			buildSettings = {
				ALWAYS_SEARCH_USER_PATHS = NO;
				CLANG_CXX_LANGUAGE_STANDARD = "gnu++0x";
				CLANG_CXX_LIBRARY = "libc++";
				CLANG_ENABLE_MODULES = YES;
				CLANG_ENABLE_OBJC_ARC = YES;
				CLANG_WARN_BOOL_CONVERSION = YES;
				CLANG_WARN_CONSTANT_CONVERSION = YES;
				CLANG_WARN_DIRECT_OBJC_ISA_USAGE = YES_ERROR;
				CLANG_WARN_EMPTY_BODY = YES;
				CLANG_WARN_ENUM_CONVERSION = YES;
				CLANG_WARN_INT_CONVERSION = YES;
				CLANG_WARN_OBJC_ROOT_CLASS = YES_ERROR;
				CLANG_WARN_UNREACHABLE_CODE = YES;
				CLANG_WARN__DUPLICATE_METHOD_MATCH = YES;
				"CODE_SIGN_IDENTITY[sdk=iphoneos*]" = "iPhone Developer";
				COPY_PHASE_STRIP = NO;
				DEBUG_INFORMATION_FORMAT = "dwarf-with-dsym";
				ENABLE_NS_ASSERTIONS = NO;
				ENABLE_STRICT_OBJC_MSGSEND = YES;
				GCC_C_LANGUAGE_STANDARD = gnu99;
				GCC_NO_COMMON_BLOCKS = YES;
				GCC_WARN_64_TO_32_BIT_CONVERSION = YES;
				GCC_WARN_ABOUT_RETURN_TYPE = YES_ERROR;
				GCC_WARN_UNDECLARED_SELECTOR = YES;
				GCC_WARN_UNINITIALIZED_AUTOS = YES_AGGRESSIVE;
				GCC_WARN_UNUSED_FUNCTION = YES;
				GCC_WARN_UNUSED_VARIABLE = YES;
				IPHONEOS_DEPLOYMENT_TARGET = 9.2;
				MTL_ENABLE_DEBUG_INFO = NO;
				SDKROOT = iphoneos;
				TARGETED_DEVICE_FAMILY = "1,2";
				VALIDATE_PRODUCT = YES;
			};
			name = Release;
		};
		CB86C36C1C70BCDB0076DE08 /* Debug */ = {
			isa = XCBuildConfiguration;
			buildSettings = {
				ASSETCATALOG_COMPILER_APPICON_NAME = AppIcon;
				INFOPLIST_FILE = getData/Info.plist;
				LD_RUNPATH_SEARCH_PATHS = "$(inherited) @executable_path/Frameworks";
				PRODUCT_BUNDLE_IDENTIFIER = com.iss.broven.getData;
				PRODUCT_NAME = "$(TARGET_NAME)";
			};
			name = Debug;
		};
		CB86C36D1C70BCDB0076DE08 /* Release */ = {
			isa = XCBuildConfiguration;
			buildSettings = {
				ASSETCATALOG_COMPILER_APPICON_NAME = AppIcon;
				INFOPLIST_FILE = getData/Info.plist;
				LD_RUNPATH_SEARCH_PATHS = "$(inherited) @executable_path/Frameworks";
				PRODUCT_BUNDLE_IDENTIFIER = com.iss.broven.getData;
				PRODUCT_NAME = "$(TARGET_NAME)";
			};
			name = Release;
		};
		CB86C36F1C70BCDB0076DE08 /* Debug */ = {
			isa = XCBuildConfiguration;
			buildSettings = {
				BUNDLE_LOADER = "$(TEST_HOST)";
				INFOPLIST_FILE = getDataTests/Info.plist;
				LD_RUNPATH_SEARCH_PATHS = "$(inherited) @executable_path/Frameworks @loader_path/Frameworks";
				PRODUCT_BUNDLE_IDENTIFIER = com.iss.broven.getDataTests;
				PRODUCT_NAME = "$(TARGET_NAME)";
				TEST_HOST = "$(BUILT_PRODUCTS_DIR)/getData.app/getData";
			};
			name = Debug;
		};
		CB86C3701C70BCDB0076DE08 /* Release */ = {
			isa = XCBuildConfiguration;
			buildSettings = {
				BUNDLE_LOADER = "$(TEST_HOST)";
				INFOPLIST_FILE = getDataTests/Info.plist;
				LD_RUNPATH_SEARCH_PATHS = "$(inherited) @executable_path/Frameworks @loader_path/Frameworks";
				PRODUCT_BUNDLE_IDENTIFIER = com.iss.broven.getDataTests;
				PRODUCT_NAME = "$(TARGET_NAME)";
				TEST_HOST = "$(BUILT_PRODUCTS_DIR)/getData.app/getData";
			};
			name = Release;
		};
		CB86C3721C70BCDB0076DE08 /* Debug */ = {
			isa = XCBuildConfiguration;
			buildSettings = {
				INFOPLIST_FILE = getDataUITests/Info.plist;
				LD_RUNPATH_SEARCH_PATHS = "$(inherited) @executable_path/Frameworks @loader_path/Frameworks";
				PRODUCT_BUNDLE_IDENTIFIER = com.iss.broven.getDataUITests;
				PRODUCT_NAME = "$(TARGET_NAME)";
				TEST_TARGET_NAME = getData;
				USES_XCTRUNNER = YES;
			};
			name = Debug;
		};
		CB86C3731C70BCDB0076DE08 /* Release */ = {
			isa = XCBuildConfiguration;
			buildSettings = {
				INFOPLIST_FILE = getDataUITests/Info.plist;
				LD_RUNPATH_SEARCH_PATHS = "$(inherited) @executable_path/Frameworks @loader_path/Frameworks";
				PRODUCT_BUNDLE_IDENTIFIER = com.iss.broven.getDataUITests;
				PRODUCT_NAME = "$(TARGET_NAME)";
				TEST_TARGET_NAME = getData;
				USES_XCTRUNNER = YES;
			};
			name = Release;
		};
/* End XCBuildConfiguration section */

/* Begin XCConfigurationList section */
		CB86C33E1C70BCDB0076DE08 /* Build configuration list for PBXProject "getData" */ = {
			isa = XCConfigurationList;
			buildConfigurations = (
				CB86C3691C70BCDB0076DE08 /* Debug */,
				CB86C36A1C70BCDB0076DE08 /* Release */,
			);
			defaultConfigurationIsVisible = 0;
			defaultConfigurationName = Release;
		};
		CB86C36B1C70BCDB0076DE08 /* Build configuration list for PBXNativeTarget "getData" */ = {
			isa = XCConfigurationList;
			buildConfigurations = (
				CB86C36C1C70BCDB0076DE08 /* Debug */,
				CB86C36D1C70BCDB0076DE08 /* Release */,
			);
			defaultConfigurationIsVisible = 0;
		};
		CB86C36E1C70BCDB0076DE08 /* Build configuration list for PBXNativeTarget "getDataTests" */ = {
			isa = XCConfigurationList;
			buildConfigurations = (
				CB86C36F1C70BCDB0076DE08 /* Debug */,
				CB86C3701C70BCDB0076DE08 /* Release */,
			);
			defaultConfigurationIsVisible = 0;
		};
		CB86C3711C70BCDB0076DE08 /* Build configuration list for PBXNativeTarget "getDataUITests" */ = {
			isa = XCConfigurationList;
			buildConfigurations = (
				CB86C3721C70BCDB0076DE08 /* Debug */,
				CB86C3731C70BCDB0076DE08 /* Release */,
			);
			defaultConfigurationIsVisible = 0;
		};
/* End XCConfigurationList section */
	};
	rootObject = CB86C33B1C70BCDB0076DE08 /* Project object */;
}
